
Microsoft Visual Studio Solution File, Format Version 12.00
# Visual Studio 2013
VisualStudioVersion = 12.0.21005.1
MinimumVisualStudioVersion = 10.0.40219.1
Project("{8BC9CEB8-8B4A-11D0-8D11-00A0C91BC942}") = "LangStackTest", "LangStackTest\LangStackTest.vcxproj", "{7D28340D-0A81-4FD4-B59C-296A488F7FF9}"
EndProject
Project("{8BC9CEB8-8B4A-11D0-8D11-00A0C91BC942}") = "LangStack", "LangStack\LangStack.vcxproj", "{6220BD23-98E0-4C48-A9AD-60A502B3713E}"
EndProject
Project("{2150E333-8FDC-42A3-9474-1A3956D46DE8}") = "Test", "Test", "{C0EA8336-BBEE-4B41-B1F3-C0BCE1A17893}"
EndProject
Project("{8BC9CEB8-8B4A-11D0-8D11-00A0C91BC942}") = "LSCppDemo", "LSCppDemo\LSCppDemo.vcxproj", "{1C357398-0F43-40CC-AD70-CA223AFE7C3A}"
EndProject
Global
	GlobalSection(SolutionConfigurationPlatforms) = preSolution
		Debug|Mixed Platforms = Debug|Mixed Platforms
		Debug|Win32 = Debug|Win32
		Debug|x64 = Debug|x64
		md|Mixed Platforms = md|Mixed Platforms
		md|Win32 = md|Win32
		md|x64 = md|x64
		mdd|Mixed Platforms = mdd|Mixed Platforms
		mdd|Win32 = mdd|Win32
		mdd|x64 = mdd|x64
		mt|Mixed Platforms = mt|Mixed Platforms
		mt|Win32 = mt|Win32
		mt|x64 = mt|x64
		mtd|Mixed Platforms = mtd|Mixed Platforms
		mtd|Win32 = mtd|Win32
		mtd|x64 = mtd|x64
		Release|Mixed Platforms = Release|Mixed Platforms
		Release|Win32 = Release|Win32
		Release|x64 = Release|x64
	EndGlobalSection
	GlobalSection(ProjectConfigurationPlatforms) = postSolution
		{7D28340D-0A81-4FD4-B59C-296A488F7FF9}.Debug|Mixed Platforms.ActiveCfg = Debug|Win32
		{7D28340D-0A81-4FD4-B59C-296A488F7FF9}.Debug|Mixed Platforms.Build.0 = Debug|Win32
		{7D28340D-0A81-4FD4-B59C-296A488F7FF9}.Debug|Win32.ActiveCfg = mdd|Win32
		{7D28340D-0A81-4FD4-B59C-296A488F7FF9}.Debug|x64.ActiveCfg = mdd|x64
		{7D28340D-0A81-4FD4-B59C-296A488F7FF9}.md|Mixed Platforms.ActiveCfg = mdd|Win32
		{7D28340D-0A81-4FD4-B59C-296A488F7FF9}.md|Mixed Platforms.Build.0 = mdd|Win32
		{7D28340D-0A81-4FD4-B59C-296A488F7FF9}.md|Win32.ActiveCfg = Release|Win32
		{7D28340D-0A81-4FD4-B59C-296A488F7FF9}.md|Win32.Build.0 = Release|Win32
		{7D28340D-0A81-4FD4-B59C-296A488F7FF9}.md|x64.ActiveCfg = mdd|x64
		{7D28340D-0A81-4FD4-B59C-296A488F7FF9}.md|x64.Build.0 = mdd|x64
		{7D28340D-0A81-4FD4-B59C-296A488F7FF9}.mdd|Mixed Platforms.ActiveCfg = mdd|Win32
		{7D28340D-0A81-4FD4-B59C-296A488F7FF9}.mdd|Mixed Platforms.Build.0 = mdd|Win32
		{7D28340D-0A81-4FD4-B59C-296A488F7FF9}.mdd|Win32.ActiveCfg = Debug|Win32
		{7D28340D-0A81-4FD4-B59C-296A488F7FF9}.mdd|Win32.Build.0 = Debug|Win32
		{7D28340D-0A81-4FD4-B59C-296A488F7FF9}.mdd|x64.ActiveCfg = mdd|x64
		{7D28340D-0A81-4FD4-B59C-296A488F7FF9}.mdd|x64.Build.0 = mdd|x64
		{7D28340D-0A81-4FD4-B59C-296A488F7FF9}.mt|Mixed Platforms.ActiveCfg = mdd|Win32
		{7D28340D-0A81-4FD4-B59C-296A488F7FF9}.mt|Mixed Platforms.Build.0 = mdd|Win32
		{7D28340D-0A81-4FD4-B59C-296A488F7FF9}.mt|Win32.ActiveCfg = Release|Win32
		{7D28340D-0A81-4FD4-B59C-296A488F7FF9}.mt|Win32.Build.0 = Release|Win32
		{7D28340D-0A81-4FD4-B59C-296A488F7FF9}.mt|x64.ActiveCfg = mdd|x64
		{7D28340D-0A81-4FD4-B59C-296A488F7FF9}.mt|x64.Build.0 = mdd|x64
		{7D28340D-0A81-4FD4-B59C-296A488F7FF9}.mtd|Mixed Platforms.ActiveCfg = mdd|Win32
		{7D28340D-0A81-4FD4-B59C-296A488F7FF9}.mtd|Mixed Platforms.Build.0 = mdd|Win32
		{7D28340D-0A81-4FD4-B59C-296A488F7FF9}.mtd|Win32.ActiveCfg = Debug|Win32
		{7D28340D-0A81-4FD4-B59C-296A488F7FF9}.mtd|Win32.Build.0 = Debug|Win32
		{7D28340D-0A81-4FD4-B59C-296A488F7FF9}.mtd|x64.ActiveCfg = mdd|x64
		{7D28340D-0A81-4FD4-B59C-296A488F7FF9}.mtd|x64.Build.0 = mdd|x64
		{7D28340D-0A81-4FD4-B59C-296A488F7FF9}.Release|Mixed Platforms.ActiveCfg = Release|Win32
		{7D28340D-0A81-4FD4-B59C-296A488F7FF9}.Release|Mixed Platforms.Build.0 = Release|Win32
		{7D28340D-0A81-4FD4-B59C-296A488F7FF9}.Release|Win32.ActiveCfg = Release|Win32
		{7D28340D-0A81-4FD4-B59C-296A488F7FF9}.Release|Win32.Build.0 = Release|Win32
		{7D28340D-0A81-4FD4-B59C-296A488F7FF9}.Release|x64.ActiveCfg = Release|x64
		{7D28340D-0A81-4FD4-B59C-296A488F7FF9}.Release|x64.Build.0 = Release|x64
		{6220BD23-98E0-4C48-A9AD-60A502B3713E}.Debug|Mixed Platforms.ActiveCfg = mdd|Win32
		{6220BD23-98E0-4C48-A9AD-60A502B3713E}.Debug|Mixed Platforms.Build.0 = mdd|Win32
		{6220BD23-98E0-4C48-A9AD-60A502B3713E}.Debug|Win32.ActiveCfg = mdd|Win32
		{6220BD23-98E0-4C48-A9AD-60A502B3713E}.Debug|Win32.Build.0 = mdd|Win32
		{6220BD23-98E0-4C48-A9AD-60A502B3713E}.Debug|x64.ActiveCfg = mdd|x64
		{6220BD23-98E0-4C48-A9AD-60A502B3713E}.Debug|x64.Build.0 = mdd|x64
		{6220BD23-98E0-4C48-A9AD-60A502B3713E}.md|Mixed Platforms.ActiveCfg = mdd|Win32
		{6220BD23-98E0-4C48-A9AD-60A502B3713E}.md|Mixed Platforms.Build.0 = mdd|Win32
		{6220BD23-98E0-4C48-A9AD-60A502B3713E}.md|Win32.ActiveCfg = mdd|Win32
		{6220BD23-98E0-4C48-A9AD-60A502B3713E}.md|Win32.Build.0 = mdd|Win32
		{6220BD23-98E0-4C48-A9AD-60A502B3713E}.md|x64.ActiveCfg = mdd|x64
		{6220BD23-98E0-4C48-A9AD-60A502B3713E}.md|x64.Build.0 = mdd|x64
		{6220BD23-98E0-4C48-A9AD-60A502B3713E}.mdd|Mixed Platforms.ActiveCfg = mdd|Win32
		{6220BD23-98E0-4C48-A9AD-60A502B3713E}.mdd|Mixed Platforms.Build.0 = mdd|Win32
		{6220BD23-98E0-4C48-A9AD-60A502B3713E}.mdd|Win32.ActiveCfg = mdd|Win32
		{6220BD23-98E0-4C48-A9AD-60A502B3713E}.mdd|Win32.Build.0 = mdd|Win32
		{6220BD23-98E0-4C48-A9AD-60A502B3713E}.mdd|x64.ActiveCfg = mdd|x64
		{6220BD23-98E0-4C48-A9AD-60A502B3713E}.mdd|x64.Build.0 = mdd|x64
		{6220BD23-98E0-4C48-A9AD-60A502B3713E}.mt|Mixed Platforms.ActiveCfg = mdd|Win32
		{6220BD23-98E0-4C48-A9AD-60A502B3713E}.mt|Mixed Platforms.Build.0 = mdd|Win32
		{6220BD23-98E0-4C48-A9AD-60A502B3713E}.mt|Win32.ActiveCfg = mdd|Win32
		{6220BD23-98E0-4C48-A9AD-60A502B3713E}.mt|Win32.Build.0 = mdd|Win32
		{6220BD23-98E0-4C48-A9AD-60A502B3713E}.mt|x64.ActiveCfg = mdd|x64
		{6220BD23-98E0-4C48-A9AD-60A502B3713E}.mt|x64.Build.0 = mdd|x64
		{6220BD23-98E0-4C48-A9AD-60A502B3713E}.mtd|Mixed Platforms.ActiveCfg = mdd|Win32
		{6220BD23-98E0-4C48-A9AD-60A502B3713E}.mtd|Mixed Platforms.Build.0 = mdd|Win32
		{6220BD23-98E0-4C48-A9AD-60A502B3713E}.mtd|Win32.ActiveCfg = mdd|Win32
		{6220BD23-98E0-4C48-A9AD-60A502B3713E}.mtd|Win32.Build.0 = mdd|Win32
		{6220BD23-98E0-4C48-A9AD-60A502B3713E}.mtd|x64.ActiveCfg = mdd|x64
		{6220BD23-98E0-4C48-A9AD-60A502B3713E}.mtd|x64.Build.0 = mdd|x64
		{6220BD23-98E0-4C48-A9AD-60A502B3713E}.Release|Mixed Platforms.ActiveCfg = mdd|Win32
		{6220BD23-98E0-4C48-A9AD-60A502B3713E}.Release|Mixed Platforms.Build.0 = mdd|Win32
		{6220BD23-98E0-4C48-A9AD-60A502B3713E}.Release|Win32.ActiveCfg = mdd|Win32
		{6220BD23-98E0-4C48-A9AD-60A502B3713E}.Release|Win32.Build.0 = mdd|Win32
		{6220BD23-98E0-4C48-A9AD-60A502B3713E}.Release|x64.ActiveCfg = mdd|x64
		{6220BD23-98E0-4C48-A9AD-60A502B3713E}.Release|x64.Build.0 = mdd|x64
		{1C357398-0F43-40CC-AD70-CA223AFE7C3A}.Debug|Mixed Platforms.ActiveCfg = mdd|x64
		{1C357398-0F43-40CC-AD70-CA223AFE7C3A}.Debug|Mixed Platforms.Build.0 = mdd|x64
		{1C357398-0F43-40CC-AD70-CA223AFE7C3A}.Debug|Win32.ActiveCfg = mdd|x64
		{1C357398-0F43-40CC-AD70-CA223AFE7C3A}.Debug|x64.ActiveCfg = mdd|x64
		{1C357398-0F43-40CC-AD70-CA223AFE7C3A}.Debug|x64.Build.0 = mdd|x64
		{1C357398-0F43-40CC-AD70-CA223AFE7C3A}.md|Mixed Platforms.ActiveCfg = mdd|x64
		{1C357398-0F43-40CC-AD70-CA223AFE7C3A}.md|Mixed Platforms.Build.0 = mdd|x64
		{1C357398-0F43-40CC-AD70-CA223AFE7C3A}.md|Win32.ActiveCfg = mdd|x64
		{1C357398-0F43-40CC-AD70-CA223AFE7C3A}.md|x64.ActiveCfg = mdd|x64
		{1C357398-0F43-40CC-AD70-CA223AFE7C3A}.md|x64.Build.0 = mdd|x64
		{1C357398-0F43-40CC-AD70-CA223AFE7C3A}.mdd|Mixed Platforms.ActiveCfg = mdd|x64
		{1C357398-0F43-40CC-AD70-CA223AFE7C3A}.mdd|Mixed Platforms.Build.0 = mdd|x64
		{1C357398-0F43-40CC-AD70-CA223AFE7C3A}.mdd|Win32.ActiveCfg = mdd|x64
		{1C357398-0F43-40CC-AD70-CA223AFE7C3A}.mdd|x64.ActiveCfg = mdd|x64
		{1C357398-0F43-40CC-AD70-CA223AFE7C3A}.mt|Mixed Platforms.ActiveCfg = mdd|x64
		{1C357398-0F43-40CC-AD70-CA223AFE7C3A}.mt|Mixed Platforms.Build.0 = mdd|x64
		{1C357398-0F43-40CC-AD70-CA223AFE7C3A}.mt|Win32.ActiveCfg = mdd|x64
		{1C357398-0F43-40CC-AD70-CA223AFE7C3A}.mt|x64.ActiveCfg = mdd|x64
		{1C357398-0F43-40CC-AD70-CA223AFE7C3A}.mt|x64.Build.0 = mdd|x64
		{1C357398-0F43-40CC-AD70-CA223AFE7C3A}.mtd|Mixed Platforms.ActiveCfg = mdd|x64
		{1C357398-0F43-40CC-AD70-CA223AFE7C3A}.mtd|Mixed Platforms.Build.0 = mdd|x64
		{1C357398-0F43-40CC-AD70-CA223AFE7C3A}.mtd|Win32.ActiveCfg = mdd|x64
		{1C357398-0F43-40CC-AD70-CA223AFE7C3A}.mtd|x64.ActiveCfg = mdd|x64
		{1C357398-0F43-40CC-AD70-CA223AFE7C3A}.mtd|x64.Build.0 = mdd|x64
		{1C357398-0F43-40CC-AD70-CA223AFE7C3A}.Release|Mixed Platforms.ActiveCfg = mdd|x64
		{1C357398-0F43-40CC-AD70-CA223AFE7C3A}.Release|Mixed Platforms.Build.0 = mdd|x64
		{1C357398-0F43-40CC-AD70-CA223AFE7C3A}.Release|Win32.ActiveCfg = mdd|x64
		{1C357398-0F43-40CC-AD70-CA223AFE7C3A}.Release|x64.ActiveCfg = mdd|x64
		{1C357398-0F43-40CC-AD70-CA223AFE7C3A}.Release|x64.Build.0 = mdd|x64
	EndGlobalSection
	GlobalSection(SolutionProperties) = preSolution
		HideSolutionNode = FALSE
	EndGlobalSection
	GlobalSection(NestedProjects) = preSolution
		{7D28340D-0A81-4FD4-B59C-296A488F7FF9} = {C0EA8336-BBEE-4B41-B1F3-C0BCE1A17893}
		{1C357398-0F43-40CC-AD70-CA223AFE7C3A} = {C0EA8336-BBEE-4B41-B1F3-C0BCE1A17893}
	EndGlobalSection
EndGlobal
