<?xml version="1.0" encoding="utf-8"?>
<Project ToolsVersion="4.0" xmlns="http://schemas.microsoft.com/developer/msbuild/2003">
  <ItemGroup>
    <Filter Include="源文件">
      <UniqueIdentifier>{4FC737F1-C7A5-4376-A066-2A32D752A2FF}</UniqueIdentifier>
      <Extensions>cpp;c;cc;cxx;def;odl;idl;hpj;bat;asm;asmx</Extensions>
    </Filter>
    <Filter Include="头文件">
      <UniqueIdentifier>{93995380-89BD-4b04-88EB-625FBE52EBFB}</UniqueIdentifier>
      <Extensions>h;hh;hpp;hxx;hm;inl;inc;xsd</Extensions>
    </Filter>
    <Filter Include="资源文件">
      <UniqueIdentifier>{67DA6AB6-F800-4c08-8B7A-83BB121AAD01}</UniqueIdentifier>
      <Extensions>rc;ico;cur;bmp;dlg;rc2;rct;bin;rgs;gif;jpg;jpeg;jpe;resx;tiff;tif;png;wav;mfcribbon-ms</Extensions>
    </Filter>
    <Filter Include="头文件\Base">
      <UniqueIdentifier>{15d15e25-6a2c-46fa-b038-6c4d3dd55e62}</UniqueIdentifier>
    </Filter>
    <Filter Include="头文件\Jni">
      <UniqueIdentifier>{9ea78189-9bb4-48b9-a21b-300ea32e697b}</UniqueIdentifier>
    </Filter>
    <Filter Include="头文件\Reflect">
      <UniqueIdentifier>{9ea78189-9bb4-48b9-a21b-300ea32e697c}</UniqueIdentifier>
    </Filter>
    <Filter Include="头文件\Rpc">
      <UniqueIdentifier>{9ea78189-9bb4-48b9-a21b-300ea32e697d}</UniqueIdentifier>
    </Filter>
    <Filter Include="头文件\Serial">
      <UniqueIdentifier>{9ea78189-9bb4-48b9-a21b-300ea32e697e}</UniqueIdentifier>
    </Filter>
    <Filter Include="头文件\Task">
      <UniqueIdentifier>{9ea78189-9bb4-48b9-a21b-300ea32e697f}</UniqueIdentifier>
    </Filter>
    <Filter Include="头文件\Transport">
      <UniqueIdentifier>{9ea78189-9bb4-48b9-a21b-300ea32e698b}</UniqueIdentifier>
    </Filter>
    <Filter Include="源文件\Base">
      <UniqueIdentifier>{97c7f61c-a2b3-4e44-b107-9221850b054a}</UniqueIdentifier>
    </Filter>
    <Filter Include="源文件\Jni">
      <UniqueIdentifier>{97c7f61c-a2b3-4e44-b107-9221850b054b}</UniqueIdentifier>
    </Filter>
    <Filter Include="源文件\Reflect">
      <UniqueIdentifier>{97c7f61c-a2b3-4e44-b107-9221850b054c}</UniqueIdentifier>
    </Filter>
    <Filter Include="源文件\Rpc">
      <UniqueIdentifier>{97c7f61c-a2b3-4e44-b107-9221850b054d}</UniqueIdentifier>
    </Filter>
    <Filter Include="源文件\Serial">
      <UniqueIdentifier>{97c7f61c-a2b3-4e44-b107-9221850b054e}</UniqueIdentifier>
    </Filter>
    <Filter Include="源文件\Task">
      <UniqueIdentifier>{97c7f61c-a2b3-4e44-b107-9221850b054f}</UniqueIdentifier>
    </Filter>
    <Filter Include="源文件\Transport">
      <UniqueIdentifier>{97c7f61c-a2b3-4e44-b107-9221850b055a}</UniqueIdentifier>
    </Filter>
    <Filter Include="头文件\Log">
      <UniqueIdentifier>{0f9a9bee-52b8-460a-9192-944b1374ba7b}</UniqueIdentifier>
    </Filter>
    <Filter Include="源文件\Log">
      <UniqueIdentifier>{659d719f-825c-4d47-b233-e0200cea76de}</UniqueIdentifier>
    </Filter>
  </ItemGroup>
  <ItemGroup>
    <ClInclude Include="..\..\..\cpp\include\Base\MemoryStream.h">
      <Filter>头文件\Base</Filter>
    </ClInclude>
    <ClInclude Include="..\..\..\cpp\include\Base\SocketHeader.h">
      <Filter>头文件\Base</Filter>
    </ClInclude>
    <ClInclude Include="..\..\..\cpp\include\Base\TcpBuffer.h">
      <Filter>头文件\Base</Filter>
    </ClInclude>
    <ClInclude Include="..\..\..\cpp\include\Reflect\IReflection.h">
      <Filter>头文件\Reflect</Filter>
    </ClInclude>
    <ClInclude Include="..\..\..\cpp\include\Reflect\MetaData.h">
      <Filter>头文件\Reflect</Filter>
    </ClInclude>
    <ClInclude Include="..\..\..\cpp\include\Reflect\MetaDataTraits.h">
      <Filter>头文件\Reflect</Filter>
    </ClInclude>
    <ClInclude Include="..\..\..\cpp\include\Reflect\MetaFactory.h">
      <Filter>头文件\Reflect</Filter>
    </ClInclude>
    <ClInclude Include="..\..\..\cpp\include\Reflect\MetaMethod.h">
      <Filter>头文件\Reflect</Filter>
    </ClInclude>
    <ClInclude Include="..\..\..\cpp\include\Reflect\MetaTable.h">
      <Filter>头文件\Reflect</Filter>
    </ClInclude>
    <ClInclude Include="..\..\..\cpp\include\Reflect\MetaValue.h">
      <Filter>头文件\Reflect</Filter>
    </ClInclude>
    <ClInclude Include="..\..\..\cpp\include\Reflect\ReflectFunction.h">
      <Filter>头文件\Reflect</Filter>
    </ClInclude>
    <ClInclude Include="..\..\..\cpp\include\Reflect\ReflectInvoke.h">
      <Filter>头文件\Reflect</Filter>
    </ClInclude>
    <ClInclude Include="..\..\..\cpp\include\Rpc\IRpcApi.h">
      <Filter>头文件\Rpc</Filter>
    </ClInclude>
    <ClInclude Include="..\..\..\cpp\include\Rpc\RpcCall.h">
      <Filter>头文件\Rpc</Filter>
    </ClInclude>
    <ClInclude Include="..\..\..\cpp\include\Rpc\RpcConstant.h">
      <Filter>头文件\Rpc</Filter>
    </ClInclude>
    <ClInclude Include="..\..\..\cpp\include\Rpc\RpcCore.h">
      <Filter>头文件\Rpc</Filter>
    </ClInclude>
    <ClInclude Include="..\..\..\cpp\include\Rpc\RpcTask.h">
      <Filter>头文件\Rpc</Filter>
    </ClInclude>
    <ClInclude Include="..\..\..\cpp\include\Serial\Deserializion.h">
      <Filter>头文件\Serial</Filter>
    </ClInclude>
    <ClInclude Include="..\..\..\cpp\include\Serial\DeserialType.h">
      <Filter>头文件\Serial</Filter>
    </ClInclude>
    <ClInclude Include="..\..\..\cpp\include\Serial\Serial.h">
      <Filter>头文件\Serial</Filter>
    </ClInclude>
    <ClInclude Include="..\..\..\cpp\include\Serial\SerializationConstant.h">
      <Filter>头文件\Serial</Filter>
    </ClInclude>
    <ClInclude Include="..\..\..\cpp\include\Serial\Serializion.h">
      <Filter>头文件\Serial</Filter>
    </ClInclude>
    <ClInclude Include="..\..\..\cpp\include\Task\ITask.h">
      <Filter>头文件\Task</Filter>
    </ClInclude>
    <ClInclude Include="..\..\..\cpp\include\Task\TaskThread.h">
      <Filter>头文件\Task</Filter>
    </ClInclude>
    <ClInclude Include="..\..\..\cpp\include\Task\TaskThreadPool.h">
      <Filter>头文件\Task</Filter>
    </ClInclude>
    <ClInclude Include="..\..\..\cpp\include\Transport\JniSession.h">
      <Filter>头文件\Transport</Filter>
    </ClInclude>
    <ClInclude Include="..\..\..\cpp\include\Transport\TcpServer.h">
      <Filter>头文件\Transport</Filter>
    </ClInclude>
    <ClInclude Include="..\..\..\cpp\include\Transport\TcpSession.h">
      <Filter>头文件\Transport</Filter>
    </ClInclude>
    <ClInclude Include="..\..\..\cpp\include\Transport\TransSession.h">
      <Filter>头文件\Transport</Filter>
    </ClInclude>
    <ClInclude Include="..\..\..\cpp\include\LangStack.h">
      <Filter>头文件</Filter>
    </ClInclude>
    <ClInclude Include="..\..\..\cpp\src\Rpc\RpcObjectPool.h">
      <Filter>源文件\Rpc</Filter>
    </ClInclude>
    <ClInclude Include="..\..\..\cpp\src\Rpc\RpcRequest.h">
      <Filter>源文件\Rpc</Filter>
    </ClInclude>
    <ClInclude Include="..\..\..\cpp\src\Rpc\RpcResponse.h">
      <Filter>源文件\Rpc</Filter>
    </ClInclude>
    <ClInclude Include="..\..\..\cpp\src\Task\DeleteThreadTask.h">
      <Filter>源文件\Task</Filter>
    </ClInclude>
    <ClInclude Include="..\..\..\cpp\src\LangStackImpl.h">
      <Filter>源文件</Filter>
    </ClInclude>
    <ClInclude Include="..\..\..\cpp\src\Transport\TcpMessage.h">
      <Filter>源文件\Transport</Filter>
    </ClInclude>
    <ClInclude Include="..\..\..\cpp\src\Rpc\RpcCoreImpl.h">
      <Filter>源文件\Rpc</Filter>
    </ClInclude>
    <ClInclude Include="..\..\..\cpp\include\Log\Log.h">
      <Filter>头文件\Log</Filter>
    </ClInclude>
    <ClInclude Include="..\..\..\cpp\src\LangStackConstant.h">
      <Filter>源文件</Filter>
    </ClInclude>
  </ItemGroup>
  <ItemGroup>
    <ClCompile Include="..\..\..\cpp\src\Base\MemoryStream.cpp">
      <Filter>源文件\Base</Filter>
    </ClCompile>
    <ClCompile Include="..\..\..\cpp\src\Reflect\MetaFactory.cpp">
      <Filter>源文件\Reflect</Filter>
    </ClCompile>
    <ClCompile Include="..\..\..\cpp\src\Reflect\MetaMethod.cpp">
      <Filter>源文件\Reflect</Filter>
    </ClCompile>
    <ClCompile Include="..\..\..\cpp\src\Reflect\MetaTable.cpp">
      <Filter>源文件\Reflect</Filter>
    </ClCompile>
    <ClCompile Include="..\..\..\cpp\src\Rpc\RpcConstant.cpp">
      <Filter>源文件\Rpc</Filter>
    </ClCompile>
    <ClCompile Include="..\..\..\cpp\src\Rpc\RpcCore.cpp">
      <Filter>源文件\Rpc</Filter>
    </ClCompile>
    <ClCompile Include="..\..\..\cpp\src\Rpc\RpcObjectPool.cpp">
      <Filter>源文件\Rpc</Filter>
    </ClCompile>
    <ClCompile Include="..\..\..\cpp\src\Rpc\RpcRequest.cpp">
      <Filter>源文件\Rpc</Filter>
    </ClCompile>
    <ClCompile Include="..\..\..\cpp\src\Rpc\RpcResponse.cpp">
      <Filter>源文件\Rpc</Filter>
    </ClCompile>
    <ClCompile Include="..\..\..\cpp\src\Serial\SerializationConstant.cpp">
      <Filter>源文件\Serial</Filter>
    </ClCompile>
    <ClCompile Include="..\..\..\cpp\src\Task\TaskThread.cpp">
      <Filter>源文件\Task</Filter>
    </ClCompile>
    <ClCompile Include="..\..\..\cpp\src\Transport\JniSession.cpp">
      <Filter>源文件\Transport</Filter>
    </ClCompile>
    <ClCompile Include="..\..\..\cpp\src\Transport\TcpServer.cpp">
      <Filter>源文件\Transport</Filter>
    </ClCompile>
    <ClCompile Include="..\..\..\cpp\src\Transport\TcpSession.cpp">
      <Filter>源文件\Transport</Filter>
    </ClCompile>
    <ClCompile Include="..\..\..\cpp\src\Transport\TransSession.cpp">
      <Filter>源文件\Transport</Filter>
    </ClCompile>
    <ClCompile Include="..\..\..\cpp\src\LangStack.cpp">
      <Filter>源文件</Filter>
    </ClCompile>
    <ClCompile Include="..\..\..\cpp\src\LangStackImpl.cpp">
      <Filter>源文件</Filter>
    </ClCompile>
    <ClCompile Include="..\..\..\cpp\src\Rpc\RpcCoreImpl.cpp">
      <Filter>源文件\Rpc</Filter>
    </ClCompile>
    <ClCompile Include="..\..\..\cpp\src\Log\Log.cpp">
      <Filter>源文件\Log</Filter>
    </ClCompile>
    <ClCompile Include="..\..\..\cpp\src\LangStackConstant.cpp">
      <Filter>源文件</Filter>
    </ClCompile>
    <ClCompile Include="..\..\..\cpp\src\Task\TaskThreadPool.cpp">
      <Filter>源文件\Task</Filter>
    </ClCompile>
  </ItemGroup>
</Project>